// !$*UTF8*$!
{
	archiveVersion = 1;
	classes = {
	};
	objectVersion = 56;
	objects = {

/* Begin PBXBuildFile section */
		0797EDFF09ABE88AD9918411 /* Pods_Chat_AppTests.framework in Frameworks */ = {isa = PBXBuildFile; fileRef = 3591AF3CA35F653D0F77AF62 /* Pods_Chat_AppTests.framework */; };
		BD4E11A70095AE23F5E2DA62 /* Pods_Chat_App.framework in Frameworks */ = {isa = PBXBuildFile; fileRef = 535D39D139395F06682C5A29 /* Pods_Chat_App.framework */; };
		D193846A51219B79CF16643E /* Pods_Chat_App_Chat_AppUITests.framework in Frameworks */ = {isa = PBXBuildFile; fileRef = FA69B17E03BEC1D1B18D68D9 /* Pods_Chat_App_Chat_AppUITests.framework */; };
		DA14F4A72A6B912500B2C5D2 /* PasswordChange.swift in Sources */ = {isa = PBXBuildFile; fileRef = DA14F4A62A6B912500B2C5D2 /* PasswordChange.swift */; };
		DA4224212A7E5061008E0D2F /* ChangePasswordePage.swift in Sources */ = {isa = PBXBuildFile; fileRef = DA4224202A7E5061008E0D2F /* ChangePasswordePage.swift */; };
		DAA491C12A6A554000354005 /* E-mailVerifyForOtp.swift in Sources */ = {isa = PBXBuildFile; fileRef = DAA491C02A6A554000354005 /* E-mailVerifyForOtp.swift */; };
		DADBF0A32A691D16004B7E10 /* ForgotPage.swift in Sources */ = {isa = PBXBuildFile; fileRef = DADBF0A22A691D16004B7E10 /* ForgotPage.swift */; };
		DE088D6F2A6A4A42004B839C /* DPOTPView in Frameworks */ = {isa = PBXBuildFile; productRef = DE088D6E2A6A4A42004B839C /* DPOTPView */; };
		DE088D712A6A5424004B839C /* GoogleService-Info.plist in Resources */ = {isa = PBXBuildFile; fileRef = DE088D702A6A5424004B839C /* GoogleService-Info.plist */; };
		DE1A51772A7B9A7200FFF0C5 /* SDWebImage in Frameworks */ = {isa = PBXBuildFile; productRef = DE1A51762A7B9A7200FFF0C5 /* SDWebImage */; };
		DE2C2EAC2A70E33000D36CF9 /* ModelView.swift in Sources */ = {isa = PBXBuildFile; fileRef = DE2C2EAB2A70E33000D36CF9 /* ModelView.swift */; };
		DE4D4BDF2A6799FE00539859 /* TabBar.swift in Sources */ = {isa = PBXBuildFile; fileRef = DE4D4BDE2A6799FE00539859 /* TabBar.swift */; };
		DE4D4BE12A679A4D00539859 /* SearchPage.swift in Sources */ = {isa = PBXBuildFile; fileRef = DE4D4BE02A679A4D00539859 /* SearchPage.swift */; };
		DE4D4BE32A679AB300539859 /* ProfilePage.swift in Sources */ = {isa = PBXBuildFile; fileRef = DE4D4BE22A679AB300539859 /* ProfilePage.swift */; };
		DE4D4BE52A679B6F00539859 /* MainPage.swift in Sources */ = {isa = PBXBuildFile; fileRef = DE4D4BE42A679B6F00539859 /* MainPage.swift */; };
		DE4D4BE72A679BAF00539859 /* SettingPage.swift in Sources */ = {isa = PBXBuildFile; fileRef = DE4D4BE62A679BAF00539859 /* SettingPage.swift */; };
		DE5112C42A66719B00014723 /* AppDelegate.swift in Sources */ = {isa = PBXBuildFile; fileRef = DE5112C32A66719B00014723 /* AppDelegate.swift */; };
		DE5112C62A66719B00014723 /* SceneDelegate.swift in Sources */ = {isa = PBXBuildFile; fileRef = DE5112C52A66719B00014723 /* SceneDelegate.swift */; };
		DE5112C82A66719B00014723 /* SignUpPage.swift in Sources */ = {isa = PBXBuildFile; fileRef = DE5112C72A66719B00014723 /* SignUpPage.swift */; };
		DE5112CB2A66719B00014723 /* Main.storyboard in Resources */ = {isa = PBXBuildFile; fileRef = DE5112C92A66719B00014723 /* Main.storyboard */; };
		DE5112CE2A66719B00014723 /* Chat_App.xcdatamodeld in Sources */ = {isa = PBXBuildFile; fileRef = DE5112CC2A66719B00014723 /* Chat_App.xcdatamodeld */; };
		DE5112D02A66719C00014723 /* Assets.xcassets in Resources */ = {isa = PBXBuildFile; fileRef = DE5112CF2A66719C00014723 /* Assets.xcassets */; };
		DE5112D32A66719C00014723 /* LaunchScreen.storyboard in Resources */ = {isa = PBXBuildFile; fileRef = DE5112D12A66719C00014723 /* LaunchScreen.storyboard */; };
		DE5112DE2A66719C00014723 /* Chat_AppTests.swift in Sources */ = {isa = PBXBuildFile; fileRef = DE5112DD2A66719C00014723 /* Chat_AppTests.swift */; };
		DE5112E82A66719C00014723 /* Chat_AppUITests.swift in Sources */ = {isa = PBXBuildFile; fileRef = DE5112E72A66719C00014723 /* Chat_AppUITests.swift */; };
		DE5112EA2A66719C00014723 /* Chat_AppUITestsLaunchTests.swift in Sources */ = {isa = PBXBuildFile; fileRef = DE5112E92A66719C00014723 /* Chat_AppUITestsLaunchTests.swift */; };
		DE5112F72A66737300014723 /* SignInPage.swift in Sources */ = {isa = PBXBuildFile; fileRef = DE5112F62A66737300014723 /* SignInPage.swift */; };
		DEA045172A6F93A20012976E /* MessagePage.swift in Sources */ = {isa = PBXBuildFile; fileRef = DEA045162A6F93A20012976E /* MessagePage.swift */; };
		DEA0451F2A6F94980012976E /* CellForUserFriendDetail.swift in Sources */ = {isa = PBXBuildFile; fileRef = DEA0451D2A6F94980012976E /* CellForUserFriendDetail.swift */; };
		DEA045202A6F94980012976E /* CellForUserFriendDetail.xib in Resources */ = {isa = PBXBuildFile; fileRef = DEA0451E2A6F94980012976E /* CellForUserFriendDetail.xib */; };
/* End PBXBuildFile section */

/* Begin PBXContainerItemProxy section */
		DE5112DA2A66719C00014723 /* PBXContainerItemProxy */ = {
			isa = PBXContainerItemProxy;
			containerPortal = DE5112B82A66719B00014723 /* Project object */;
			proxyType = 1;
			remoteGlobalIDString = DE5112BF2A66719B00014723;
			remoteInfo = Chat_App;
		};
		DE5112E42A66719C00014723 /* PBXContainerItemProxy */ = {
			isa = PBXContainerItemProxy;
			containerPortal = DE5112B82A66719B00014723 /* Project object */;
			proxyType = 1;
			remoteGlobalIDString = DE5112BF2A66719B00014723;
			remoteInfo = Chat_App;
		};
/* End PBXContainerItemProxy section */

/* Begin PBXFileReference section */
		3591AF3CA35F653D0F77AF62 /* Pods_Chat_AppTests.framework */ = {isa = PBXFileReference; explicitFileType = wrapper.framework; includeInIndex = 0; path = Pods_Chat_AppTests.framework; sourceTree = BUILT_PRODUCTS_DIR; };
		535D39D139395F06682C5A29 /* Pods_Chat_App.framework */ = {isa = PBXFileReference; explicitFileType = wrapper.framework; includeInIndex = 0; path = Pods_Chat_App.framework; sourceTree = BUILT_PRODUCTS_DIR; };
		7CA4701B54A4922A94F2C93F /* Pods-Chat_App-Chat_AppUITests.release.xcconfig */ = {isa = PBXFileReference; includeInIndex = 1; lastKnownFileType = text.xcconfig; name = "Pods-Chat_App-Chat_AppUITests.release.xcconfig"; path = "Target Support Files/Pods-Chat_App-Chat_AppUITests/Pods-Chat_App-Chat_AppUITests.release.xcconfig"; sourceTree = "<group>"; };
		A36DB06D76FAFA4C85C79141 /* Pods-Chat_App-Chat_AppUITests.debug.xcconfig */ = {isa = PBXFileReference; includeInIndex = 1; lastKnownFileType = text.xcconfig; name = "Pods-Chat_App-Chat_AppUITests.debug.xcconfig"; path = "Target Support Files/Pods-Chat_App-Chat_AppUITests/Pods-Chat_App-Chat_AppUITests.debug.xcconfig"; sourceTree = "<group>"; };
		AE6F97CAC5D8643244056CE9 /* Pods-Chat_App.release.xcconfig */ = {isa = PBXFileReference; includeInIndex = 1; lastKnownFileType = text.xcconfig; name = "Pods-Chat_App.release.xcconfig"; path = "Target Support Files/Pods-Chat_App/Pods-Chat_App.release.xcconfig"; sourceTree = "<group>"; };
		DA14F4A62A6B912500B2C5D2 /* PasswordChange.swift */ = {isa = PBXFileReference; lastKnownFileType = sourcecode.swift; path = PasswordChange.swift; sourceTree = "<group>"; };
		DA4224202A7E5061008E0D2F /* ChangePasswordePage.swift */ = {isa = PBXFileReference; lastKnownFileType = sourcecode.swift; path = ChangePasswordePage.swift; sourceTree = "<group>"; };
		DAA491C02A6A554000354005 /* E-mailVerifyForOtp.swift */ = {isa = PBXFileReference; lastKnownFileType = sourcecode.swift; path = "E-mailVerifyForOtp.swift"; sourceTree = "<group>"; };
		DADBF0A22A691D16004B7E10 /* ForgotPage.swift */ = {isa = PBXFileReference; lastKnownFileType = sourcecode.swift; path = ForgotPage.swift; sourceTree = "<group>"; };
		DE088D702A6A5424004B839C /* GoogleService-Info.plist */ = {isa = PBXFileReference; fileEncoding = 4; lastKnownFileType = text.plist.xml; path = "GoogleService-Info.plist"; sourceTree = "<group>"; };
		DE2C2EAB2A70E33000D36CF9 /* ModelView.swift */ = {isa = PBXFileReference; lastKnownFileType = sourcecode.swift; path = ModelView.swift; sourceTree = "<group>"; };
		DE4D4BDE2A6799FE00539859 /* TabBar.swift */ = {isa = PBXFileReference; lastKnownFileType = sourcecode.swift; path = TabBar.swift; sourceTree = "<group>"; };
		DE4D4BE02A679A4D00539859 /* SearchPage.swift */ = {isa = PBXFileReference; lastKnownFileType = sourcecode.swift; path = SearchPage.swift; sourceTree = "<group>"; };
		DE4D4BE22A679AB300539859 /* ProfilePage.swift */ = {isa = PBXFileReference; lastKnownFileType = sourcecode.swift; path = ProfilePage.swift; sourceTree = "<group>"; };
		DE4D4BE42A679B6F00539859 /* MainPage.swift */ = {isa = PBXFileReference; lastKnownFileType = sourcecode.swift; path = MainPage.swift; sourceTree = "<group>"; };
		DE4D4BE62A679BAF00539859 /* SettingPage.swift */ = {isa = PBXFileReference; lastKnownFileType = sourcecode.swift; path = SettingPage.swift; sourceTree = "<group>"; };
		DE5112C02A66719B00014723 /* Chat_App.app */ = {isa = PBXFileReference; explicitFileType = wrapper.application; includeInIndex = 0; path = Chat_App.app; sourceTree = BUILT_PRODUCTS_DIR; };
		DE5112C32A66719B00014723 /* AppDelegate.swift */ = {isa = PBXFileReference; lastKnownFileType = sourcecode.swift; path = AppDelegate.swift; sourceTree = "<group>"; };
		DE5112C52A66719B00014723 /* SceneDelegate.swift */ = {isa = PBXFileReference; lastKnownFileType = sourcecode.swift; path = SceneDelegate.swift; sourceTree = "<group>"; };
		DE5112C72A66719B00014723 /* SignUpPage.swift */ = {isa = PBXFileReference; lastKnownFileType = sourcecode.swift; path = SignUpPage.swift; sourceTree = "<group>"; };
		DE5112CA2A66719B00014723 /* Base */ = {isa = PBXFileReference; lastKnownFileType = file.storyboard; name = Base; path = Base.lproj/Main.storyboard; sourceTree = "<group>"; };
		DE5112CD2A66719B00014723 /* Chat_App.xcdatamodel */ = {isa = PBXFileReference; lastKnownFileType = wrapper.xcdatamodel; path = Chat_App.xcdatamodel; sourceTree = "<group>"; };
		DE5112CF2A66719C00014723 /* Assets.xcassets */ = {isa = PBXFileReference; lastKnownFileType = folder.assetcatalog; path = Assets.xcassets; sourceTree = "<group>"; };
		DE5112D22A66719C00014723 /* Base */ = {isa = PBXFileReference; lastKnownFileType = file.storyboard; name = Base; path = Base.lproj/LaunchScreen.storyboard; sourceTree = "<group>"; };
		DE5112D42A66719C00014723 /* Info.plist */ = {isa = PBXFileReference; lastKnownFileType = text.plist.xml; path = Info.plist; sourceTree = "<group>"; };
		DE5112D92A66719C00014723 /* Chat_AppTests.xctest */ = {isa = PBXFileReference; explicitFileType = wrapper.cfbundle; includeInIndex = 0; path = Chat_AppTests.xctest; sourceTree = BUILT_PRODUCTS_DIR; };
		DE5112DD2A66719C00014723 /* Chat_AppTests.swift */ = {isa = PBXFileReference; lastKnownFileType = sourcecode.swift; path = Chat_AppTests.swift; sourceTree = "<group>"; };
		DE5112E32A66719C00014723 /* Chat_AppUITests.xctest */ = {isa = PBXFileReference; explicitFileType = wrapper.cfbundle; includeInIndex = 0; path = Chat_AppUITests.xctest; sourceTree = BUILT_PRODUCTS_DIR; };
		DE5112E72A66719C00014723 /* Chat_AppUITests.swift */ = {isa = PBXFileReference; lastKnownFileType = sourcecode.swift; path = Chat_AppUITests.swift; sourceTree = "<group>"; };
		DE5112E92A66719C00014723 /* Chat_AppUITestsLaunchTests.swift */ = {isa = PBXFileReference; lastKnownFileType = sourcecode.swift; path = Chat_AppUITestsLaunchTests.swift; sourceTree = "<group>"; };
		DE5112F62A66737300014723 /* SignInPage.swift */ = {isa = PBXFileReference; lastKnownFileType = sourcecode.swift; path = SignInPage.swift; sourceTree = "<group>"; };
		DEA045162A6F93A20012976E /* MessagePage.swift */ = {isa = PBXFileReference; fileEncoding = 4; lastKnownFileType = sourcecode.swift; path = MessagePage.swift; sourceTree = "<group>"; };
		DEA0451D2A6F94980012976E /* CellForUserFriendDetail.swift */ = {isa = PBXFileReference; lastKnownFileType = sourcecode.swift; path = CellForUserFriendDetail.swift; sourceTree = "<group>"; };
		DEA0451E2A6F94980012976E /* CellForUserFriendDetail.xib */ = {isa = PBXFileReference; lastKnownFileType = file.xib; path = CellForUserFriendDetail.xib; sourceTree = "<group>"; };
		E425BD41DD8F55D2D9538BD8 /* Pods-Chat_AppTests.release.xcconfig */ = {isa = PBXFileReference; includeInIndex = 1; lastKnownFileType = text.xcconfig; name = "Pods-Chat_AppTests.release.xcconfig"; path = "Target Support Files/Pods-Chat_AppTests/Pods-Chat_AppTests.release.xcconfig"; sourceTree = "<group>"; };
		E5E2185E734D703265D0908B /* Pods-Chat_AppTests.debug.xcconfig */ = {isa = PBXFileReference; includeInIndex = 1; lastKnownFileType = text.xcconfig; name = "Pods-Chat_AppTests.debug.xcconfig"; path = "Target Support Files/Pods-Chat_AppTests/Pods-Chat_AppTests.debug.xcconfig"; sourceTree = "<group>"; };
		EE9A5C71240406B4B7A1A94F /* Pods-Chat_App.debug.xcconfig */ = {isa = PBXFileReference; includeInIndex = 1; lastKnownFileType = text.xcconfig; name = "Pods-Chat_App.debug.xcconfig"; path = "Target Support Files/Pods-Chat_App/Pods-Chat_App.debug.xcconfig"; sourceTree = "<group>"; };
		FA69B17E03BEC1D1B18D68D9 /* Pods_Chat_App_Chat_AppUITests.framework */ = {isa = PBXFileReference; explicitFileType = wrapper.framework; includeInIndex = 0; path = Pods_Chat_App_Chat_AppUITests.framework; sourceTree = BUILT_PRODUCTS_DIR; };
/* End PBXFileReference section */

/* Begin PBXFrameworksBuildPhase section */
		DE5112BD2A66719B00014723 /* Frameworks */ = {
			isa = PBXFrameworksBuildPhase;
			buildActionMask = 2147483647;
			files = (
				DE1A51772A7B9A7200FFF0C5 /* SDWebImage in Frameworks */,
				BD4E11A70095AE23F5E2DA62 /* Pods_Chat_App.framework in Frameworks */,
				DE088D6F2A6A4A42004B839C /* DPOTPView in Frameworks */,
			);
			runOnlyForDeploymentPostprocessing = 0;
		};
		DE5112D62A66719C00014723 /* Frameworks */ = {
			isa = PBXFrameworksBuildPhase;
			buildActionMask = 2147483647;
			files = (
				0797EDFF09ABE88AD9918411 /* Pods_Chat_AppTests.framework in Frameworks */,
			);
			runOnlyForDeploymentPostprocessing = 0;
		};
		DE5112E02A66719C00014723 /* Frameworks */ = {
			isa = PBXFrameworksBuildPhase;
			buildActionMask = 2147483647;
			files = (
				D193846A51219B79CF16643E /* Pods_Chat_App_Chat_AppUITests.framework in Frameworks */,
			);
			runOnlyForDeploymentPostprocessing = 0;
		};
/* End PBXFrameworksBuildPhase section */

/* Begin PBXGroup section */
		6DA497F1853F391899A61078 /* Pods */ = {
			isa = PBXGroup;
			children = (
				EE9A5C71240406B4B7A1A94F /* Pods-Chat_App.debug.xcconfig */,
				AE6F97CAC5D8643244056CE9 /* Pods-Chat_App.release.xcconfig */,
				A36DB06D76FAFA4C85C79141 /* Pods-Chat_App-Chat_AppUITests.debug.xcconfig */,
				7CA4701B54A4922A94F2C93F /* Pods-Chat_App-Chat_AppUITests.release.xcconfig */,
				E5E2185E734D703265D0908B /* Pods-Chat_AppTests.debug.xcconfig */,
				E425BD41DD8F55D2D9538BD8 /* Pods-Chat_AppTests.release.xcconfig */,
			);
			path = Pods;
			sourceTree = "<group>";
		};
		8465F862C50B2DBB6884734F /* Frameworks */ = {
			isa = PBXGroup;
			children = (
				535D39D139395F06682C5A29 /* Pods_Chat_App.framework */,
				FA69B17E03BEC1D1B18D68D9 /* Pods_Chat_App_Chat_AppUITests.framework */,
				3591AF3CA35F653D0F77AF62 /* Pods_Chat_AppTests.framework */,
			);
			name = Frameworks;
			sourceTree = "<group>";
		};
		DE4D4BE82A679CB500539859 /* ViewControllers */ = {
			isa = PBXGroup;
			children = (
				DEA045162A6F93A20012976E /* MessagePage.swift */,
				DE4D4BE62A679BAF00539859 /* SettingPage.swift */,
				DE4D4BE22A679AB300539859 /* ProfilePage.swift */,
				DA14F4A62A6B912500B2C5D2 /* PasswordChange.swift */,
				DE4D4BE42A679B6F00539859 /* MainPage.swift */,
				DADBF0A22A691D16004B7E10 /* ForgotPage.swift */,
				DAA491C02A6A554000354005 /* E-mailVerifyForOtp.swift */,
				DE4D4BE02A679A4D00539859 /* SearchPage.swift */,
			);
			path = ViewControllers;
			sourceTree = "<group>";
		};
		DE4D4BE92A679CD200539859 /* UserVarification */ = {
			isa = PBXGroup;
			children = (
				DE5112C72A66719B00014723 /* SignUpPage.swift */,
				DE5112F62A66737300014723 /* SignInPage.swift */,
				DE2C2EAB2A70E33000D36CF9 /* ModelView.swift */,
			);
			path = UserVarification;
			sourceTree = "<group>";
		};
		DE5112B72A66719B00014723 = {
			isa = PBXGroup;
			children = (
				DE5112C22A66719B00014723 /* Chat_App */,
				DE5112DC2A66719C00014723 /* Chat_AppTests */,
				DE5112E62A66719C00014723 /* Chat_AppUITests */,
				DE5112C12A66719B00014723 /* Products */,
				6DA497F1853F391899A61078 /* Pods */,
				8465F862C50B2DBB6884734F /* Frameworks */,
				DEA0451C2A6F93F00012976E /* Recovered References */,
			);
			sourceTree = "<group>";
		};
		DE5112C12A66719B00014723 /* Products */ = {
			isa = PBXGroup;
			children = (
				DE5112C02A66719B00014723 /* Chat_App.app */,
				DE5112D92A66719C00014723 /* Chat_AppTests.xctest */,
				DE5112E32A66719C00014723 /* Chat_AppUITests.xctest */,
			);
			name = Products;
			sourceTree = "<group>";
		};
		DE5112C22A66719B00014723 /* Chat_App */ = {
			isa = PBXGroup;
			children = (
				DE5112C32A66719B00014723 /* AppDelegate.swift */,
				DE5112C52A66719B00014723 /* SceneDelegate.swift */,
				DE4D4BE92A679CD200539859 /* UserVarification */,
				DEBBC6E52A690CBD00531235 /* CellFile */,
				DE4D4BE82A679CB500539859 /* ViewControllers */,
				DE5112C92A66719B00014723 /* Main.storyboard */,
				DA4224202A7E5061008E0D2F /* ChangePasswordePage.swift */,
				DE4D4BDE2A6799FE00539859 /* TabBar.swift */,
				DE5112CF2A66719C00014723 /* Assets.xcassets */,
				DE5112D12A66719C00014723 /* LaunchScreen.storyboard */,
				DE5112D42A66719C00014723 /* Info.plist */,
				DE088D702A6A5424004B839C /* GoogleService-Info.plist */,
				DE5112CC2A66719B00014723 /* Chat_App.xcdatamodeld */,
			);
			path = Chat_App;
			sourceTree = "<group>";
		};
		DE5112DC2A66719C00014723 /* Chat_AppTests */ = {
			isa = PBXGroup;
			children = (
				DE5112DD2A66719C00014723 /* Chat_AppTests.swift */,
			);
			path = Chat_AppTests;
			sourceTree = "<group>";
		};
		DE5112E62A66719C00014723 /* Chat_AppUITests */ = {
			isa = PBXGroup;
			children = (
				DE5112E72A66719C00014723 /* Chat_AppUITests.swift */,
				DE5112E92A66719C00014723 /* Chat_AppUITestsLaunchTests.swift */,
			);
			path = Chat_AppUITests;
			sourceTree = "<group>";
		};
		DEA0451C2A6F93F00012976E /* Recovered References */ = {
			isa = PBXGroup;
			children = (
			);
			name = "Recovered References";
			sourceTree = "<group>";
		};
		DEBBC6E52A690CBD00531235 /* CellFile */ = {
			isa = PBXGroup;
			children = (
				DEA0451D2A6F94980012976E /* CellForUserFriendDetail.swift */,
				DEA0451E2A6F94980012976E /* CellForUserFriendDetail.xib */,
			);
			path = CellFile;
			sourceTree = "<group>";
		};
/* End PBXGroup section */

/* Begin PBXNativeTarget section */
		DE5112BF2A66719B00014723 /* Chat_App */ = {
			isa = PBXNativeTarget;
			buildConfigurationList = DE5112ED2A66719C00014723 /* Build configuration list for PBXNativeTarget "Chat_App" */;
			buildPhases = (
				F698AD4925E38497BFBD19BD /* [CP] Check Pods Manifest.lock */,
				DE5112BC2A66719B00014723 /* Sources */,
				DE5112BD2A66719B00014723 /* Frameworks */,
				DE5112BE2A66719B00014723 /* Resources */,
				01C7D525C7296D8129560E1F /* [CP] Embed Pods Frameworks */,
			);
			buildRules = (
			);
			dependencies = (
			);
			name = Chat_App;
			packageProductDependencies = (
				DE088D6E2A6A4A42004B839C /* DPOTPView */,
				DE1A51762A7B9A7200FFF0C5 /* SDWebImage */,
			);
			productName = Chat_App;
			productReference = DE5112C02A66719B00014723 /* Chat_App.app */;
			productType = "com.apple.product-type.application";
		};
		DE5112D82A66719C00014723 /* Chat_AppTests */ = {
			isa = PBXNativeTarget;
			buildConfigurationList = DE5112F02A66719C00014723 /* Build configuration list for PBXNativeTarget "Chat_AppTests" */;
			buildPhases = (
				26489FC698582CEC93DA4250 /* [CP] Check Pods Manifest.lock */,
				DE5112D52A66719C00014723 /* Sources */,
				DE5112D62A66719C00014723 /* Frameworks */,
				DE5112D72A66719C00014723 /* Resources */,
			);
			buildRules = (
			);
			dependencies = (
				DE5112DB2A66719C00014723 /* PBXTargetDependency */,
			);
			name = Chat_AppTests;
			productName = Chat_AppTests;
			productReference = DE5112D92A66719C00014723 /* Chat_AppTests.xctest */;
			productType = "com.apple.product-type.bundle.unit-test";
		};
		DE5112E22A66719C00014723 /* Chat_AppUITests */ = {
			isa = PBXNativeTarget;
			buildConfigurationList = DE5112F32A66719C00014723 /* Build configuration list for PBXNativeTarget "Chat_AppUITests" */;
			buildPhases = (
				81433C078B238B53B9FAAC85 /* [CP] Check Pods Manifest.lock */,
				DE5112DF2A66719C00014723 /* Sources */,
				DE5112E02A66719C00014723 /* Frameworks */,
				DE5112E12A66719C00014723 /* Resources */,
				230340EEC053957DA869DE43 /* [CP] Embed Pods Frameworks */,
			);
			buildRules = (
			);
			dependencies = (
				DE5112E52A66719C00014723 /* PBXTargetDependency */,
			);
			name = Chat_AppUITests;
			productName = Chat_AppUITests;
			productReference = DE5112E32A66719C00014723 /* Chat_AppUITests.xctest */;
			productType = "com.apple.product-type.bundle.ui-testing";
		};
/* End PBXNativeTarget section */

/* Begin PBXProject section */
		DE5112B82A66719B00014723 /* Project object */ = {
			isa = PBXProject;
			attributes = {
				BuildIndependentTargetsInParallel = 1;
				LastSwiftUpdateCheck = 1430;
				LastUpgradeCheck = 1430;
				TargetAttributes = {
					DE5112BF2A66719B00014723 = {
						CreatedOnToolsVersion = 14.3.1;
					};
					DE5112D82A66719C00014723 = {
						CreatedOnToolsVersion = 14.3.1;
						TestTargetID = DE5112BF2A66719B00014723;
					};
					DE5112E22A66719C00014723 = {
						CreatedOnToolsVersion = 14.3.1;
						TestTargetID = DE5112BF2A66719B00014723;
					};
				};
			};
			buildConfigurationList = DE5112BB2A66719B00014723 /* Build configuration list for PBXProject "Chat_App" */;
			compatibilityVersion = "Xcode 14.0";
			developmentRegion = en;
			hasScannedForEncodings = 0;
			knownRegions = (
				en,
				Base,
			);
			mainGroup = DE5112B72A66719B00014723;
			packageReferences = (
				DE088D6D2A6A4A42004B839C /* XCRemoteSwiftPackageReference "DPOTPView" */,
				DE1A51752A7B9A7200FFF0C5 /* XCRemoteSwiftPackageReference "SDWebImage" */,
			);
			productRefGroup = DE5112C12A66719B00014723 /* Products */;
			projectDirPath = "";
			projectRoot = "";
			targets = (
				DE5112BF2A66719B00014723 /* Chat_App */,
				DE5112D82A66719C00014723 /* Chat_AppTests */,
				DE5112E22A66719C00014723 /* Chat_AppUITests */,
			);
		};
/* End PBXProject section */

/* Begin PBXResourcesBuildPhase section */
		DE5112BE2A66719B00014723 /* Resources */ = {
			isa = PBXResourcesBuildPhase;
			buildActionMask = 2147483647;
			files = (
				DEA045202A6F94980012976E /* CellForUserFriendDetail.xib in Resources */,
				DE5112D32A66719C00014723 /* LaunchScreen.storyboard in Resources */,
				DE088D712A6A5424004B839C /* GoogleService-Info.plist in Resources */,
				DE5112D02A66719C00014723 /* Assets.xcassets in Resources */,
				DE5112CB2A66719B00014723 /* Main.storyboard in Resources */,
			);
			runOnlyForDeploymentPostprocessing = 0;
		};
		DE5112D72A66719C00014723 /* Resources */ = {
			isa = PBXResourcesBuildPhase;
			buildActionMask = 2147483647;
			files = (
			);
			runOnlyForDeploymentPostprocessing = 0;
		};
		DE5112E12A66719C00014723 /* Resources */ = {
			isa = PBXResourcesBuildPhase;
			buildActionMask = 2147483647;
			files = (
			);
			runOnlyForDeploymentPostprocessing = 0;
		};
/* End PBXResourcesBuildPhase section */

/* Begin PBXShellScriptBuildPhase section */
		01C7D525C7296D8129560E1F /* [CP] Embed Pods Frameworks */ = {
			isa = PBXShellScriptBuildPhase;
			buildActionMask = 2147483647;
			files = (
			);
			inputFileListPaths = (
				"${PODS_ROOT}/Target Support Files/Pods-Chat_App/Pods-Chat_App-frameworks-${CONFIGURATION}-input-files.xcfilelist",
			);
			name = "[CP] Embed Pods Frameworks";
			outputFileListPaths = (
				"${PODS_ROOT}/Target Support Files/Pods-Chat_App/Pods-Chat_App-frameworks-${CONFIGURATION}-output-files.xcfilelist",
			);
			runOnlyForDeploymentPostprocessing = 0;
			shellPath = /bin/sh;
			shellScript = "\"${PODS_ROOT}/Target Support Files/Pods-Chat_App/Pods-Chat_App-frameworks.sh\"\n";
			showEnvVarsInLog = 0;
		};
		230340EEC053957DA869DE43 /* [CP] Embed Pods Frameworks */ = {
			isa = PBXShellScriptBuildPhase;
			buildActionMask = 2147483647;
			files = (
			);
			inputFileListPaths = (
				"${PODS_ROOT}/Target Support Files/Pods-Chat_App-Chat_AppUITests/Pods-Chat_App-Chat_AppUITests-frameworks-${CONFIGURATION}-input-files.xcfilelist",
			);
			name = "[CP] Embed Pods Frameworks";
			outputFileListPaths = (
				"${PODS_ROOT}/Target Support Files/Pods-Chat_App-Chat_AppUITests/Pods-Chat_App-Chat_AppUITests-frameworks-${CONFIGURATION}-output-files.xcfilelist",
			);
			runOnlyForDeploymentPostprocessing = 0;
			shellPath = /bin/sh;
			shellScript = "\"${PODS_ROOT}/Target Support Files/Pods-Chat_App-Chat_AppUITests/Pods-Chat_App-Chat_AppUITests-frameworks.sh\"\n";
			showEnvVarsInLog = 0;
		};
		26489FC698582CEC93DA4250 /* [CP] Check Pods Manifest.lock */ = {
			isa = PBXShellScriptBuildPhase;
			buildActionMask = 2147483647;
			files = (
			);
			inputFileListPaths = (
			);
			inputPaths = (
				"${PODS_PODFILE_DIR_PATH}/Podfile.lock",
				"${PODS_ROOT}/Manifest.lock",
			);
			name = "[CP] Check Pods Manifest.lock";
			outputFileListPaths = (
			);
			outputPaths = (
				"$(DERIVED_FILE_DIR)/Pods-Chat_AppTests-checkManifestLockResult.txt",
			);
			runOnlyForDeploymentPostprocessing = 0;
			shellPath = /bin/sh;
			shellScript = "diff \"${PODS_PODFILE_DIR_PATH}/Podfile.lock\" \"${PODS_ROOT}/Manifest.lock\" > /dev/null\nif [ $? != 0 ] ; then\n    # print error to STDERR\n    echo \"error: The sandbox is not in sync with the Podfile.lock. Run 'pod install' or update your CocoaPods installation.\" >&2\n    exit 1\nfi\n# This output is used by Xcode 'outputs' to avoid re-running this script phase.\necho \"SUCCESS\" > \"${SCRIPT_OUTPUT_FILE_0}\"\n";
			showEnvVarsInLog = 0;
		};
		81433C078B238B53B9FAAC85 /* [CP] Check Pods Manifest.lock */ = {
			isa = PBXShellScriptBuildPhase;
			buildActionMask = 2147483647;
			files = (
			);
			inputFileListPaths = (
			);
			inputPaths = (
				"${PODS_PODFILE_DIR_PATH}/Podfile.lock",
				"${PODS_ROOT}/Manifest.lock",
			);
			name = "[CP] Check Pods Manifest.lock";
			outputFileListPaths = (
			);
			outputPaths = (
				"$(DERIVED_FILE_DIR)/Pods-Chat_App-Chat_AppUITests-checkManifestLockResult.txt",
			);
			runOnlyForDeploymentPostprocessing = 0;
			shellPath = /bin/sh;
			shellScript = "diff \"${PODS_PODFILE_DIR_PATH}/Podfile.lock\" \"${PODS_ROOT}/Manifest.lock\" > /dev/null\nif [ $? != 0 ] ; then\n    # print error to STDERR\n    echo \"error: The sandbox is not in sync with the Podfile.lock. Run 'pod install' or update your CocoaPods installation.\" >&2\n    exit 1\nfi\n# This output is used by Xcode 'outputs' to avoid re-running this script phase.\necho \"SUCCESS\" > \"${SCRIPT_OUTPUT_FILE_0}\"\n";
			showEnvVarsInLog = 0;
		};
		F698AD4925E38497BFBD19BD /* [CP] Check Pods Manifest.lock */ = {
			isa = PBXShellScriptBuildPhase;
			buildActionMask = 2147483647;
			files = (
			);
			inputFileListPaths = (
			);
			inputPaths = (
				"${PODS_PODFILE_DIR_PATH}/Podfile.lock",
				"${PODS_ROOT}/Manifest.lock",
			);
			name = "[CP] Check Pods Manifest.lock";
			outputFileListPaths = (
			);
			outputPaths = (
				"$(DERIVED_FILE_DIR)/Pods-Chat_App-checkManifestLockResult.txt",
			);
			runOnlyForDeploymentPostprocessing = 0;
			shellPath = /bin/sh;
			shellScript = "diff \"${PODS_PODFILE_DIR_PATH}/Podfile.lock\" \"${PODS_ROOT}/Manifest.lock\" > /dev/null\nif [ $? != 0 ] ; then\n    # print error to STDERR\n    echo \"error: The sandbox is not in sync with the Podfile.lock. Run 'pod install' or update your CocoaPods installation.\" >&2\n    exit 1\nfi\n# This output is used by Xcode 'outputs' to avoid re-running this script phase.\necho \"SUCCESS\" > \"${SCRIPT_OUTPUT_FILE_0}\"\n";
			showEnvVarsInLog = 0;
		};
/* End PBXShellScriptBuildPhase section */

/* Begin PBXSourcesBuildPhase section */
		DE5112BC2A66719B00014723 /* Sources */ = {
			isa = PBXSourcesBuildPhase;
			buildActionMask = 2147483647;
			files = (
				DE5112C82A66719B00014723 /* SignUpPage.swift in Sources */,
				DEA0451F2A6F94980012976E /* CellForUserFriendDetail.swift in Sources */,
				DE4D4BE72A679BAF00539859 /* SettingPage.swift in Sources */,
				DA4224212A7E5061008E0D2F /* ChangePasswordePage.swift in Sources */,
				DE5112F72A66737300014723 /* SignInPage.swift in Sources */,
				DADBF0A32A691D16004B7E10 /* ForgotPage.swift in Sources */,
				DE5112CE2A66719B00014723 /* Chat_App.xcdatamodeld in Sources */,
				DE4D4BDF2A6799FE00539859 /* TabBar.swift in Sources */,
				DE2C2EAC2A70E33000D36CF9 /* ModelView.swift in Sources */,
				DE5112C42A66719B00014723 /* AppDelegate.swift in Sources */,
				DAA491C12A6A554000354005 /* E-mailVerifyForOtp.swift in Sources */,
				DE4D4BE12A679A4D00539859 /* SearchPage.swift in Sources */,
				DA14F4A72A6B912500B2C5D2 /* PasswordChange.swift in Sources */,
				DEA045172A6F93A20012976E /* MessagePage.swift in Sources */,
				DE4D4BE32A679AB300539859 /* ProfilePage.swift in Sources */,
				DE5112C62A66719B00014723 /* SceneDelegate.swift in Sources */,
				DE4D4BE52A679B6F00539859 /* MainPage.swift in Sources */,
			);
			runOnlyForDeploymentPostprocessing = 0;
		};
		DE5112D52A66719C00014723 /* Sources */ = {
			isa = PBXSourcesBuildPhase;
			buildActionMask = 2147483647;
			files = (
				DE5112DE2A66719C00014723 /* Chat_AppTests.swift in Sources */,
			);
			runOnlyForDeploymentPostprocessing = 0;
		};
		DE5112DF2A66719C00014723 /* Sources */ = {
			isa = PBXSourcesBuildPhase;
			buildActionMask = 2147483647;
			files = (
				DE5112EA2A66719C00014723 /* Chat_AppUITestsLaunchTests.swift in Sources */,
				DE5112E82A66719C00014723 /* Chat_AppUITests.swift in Sources */,
			);
			runOnlyForDeploymentPostprocessing = 0;
		};
/* End PBXSourcesBuildPhase section */

/* Begin PBXTargetDependency section */
		DE5112DB2A66719C00014723 /* PBXTargetDependency */ = {
			isa = PBXTargetDependency;
			target = DE5112BF2A66719B00014723 /* Chat_App */;
			targetProxy = DE5112DA2A66719C00014723 /* PBXContainerItemProxy */;
		};
		DE5112E52A66719C00014723 /* PBXTargetDependency */ = {
			isa = PBXTargetDependency;
			target = DE5112BF2A66719B00014723 /* Chat_App */;
			targetProxy = DE5112E42A66719C00014723 /* PBXContainerItemProxy */;
		};
/* End PBXTargetDependency section */

/* Begin PBXVariantGroup section */
		DE5112C92A66719B00014723 /* Main.storyboard */ = {
			isa = PBXVariantGroup;
			children = (
				DE5112CA2A66719B00014723 /* Base */,
			);
			name = Main.storyboard;
			sourceTree = "<group>";
		};
		DE5112D12A66719C00014723 /* LaunchScreen.storyboard */ = {
			isa = PBXVariantGroup;
			children = (
				DE5112D22A66719C00014723 /* Base */,
			);
			name = LaunchScreen.storyboard;
			sourceTree = "<group>";
		};
/* End PBXVariantGroup section */

/* Begin XCBuildConfiguration section */
		DE5112EB2A66719C00014723 /* Debug */ = {
			isa = XCBuildConfiguration;
			buildSettings = {
				ALWAYS_SEARCH_USER_PATHS = NO;
				CLANG_ANALYZER_NONNULL = YES;
				CLANG_ANALYZER_NUMBER_OBJECT_CONVERSION = YES_AGGRESSIVE;
				CLANG_CXX_LANGUAGE_STANDARD = "gnu++20";
				CLANG_ENABLE_MODULES = YES;
				CLANG_ENABLE_OBJC_ARC = YES;
				CLANG_ENABLE_OBJC_WEAK = YES;
				CLANG_WARN_BLOCK_CAPTURE_AUTORELEASING = YES;
				CLANG_WARN_BOOL_CONVERSION = YES;
				CLANG_WARN_COMMA = YES;
				CLANG_WARN_CONSTANT_CONVERSION = YES;
				CLANG_WARN_DEPRECATED_OBJC_IMPLEMENTATIONS = YES;
				CLANG_WARN_DIRECT_OBJC_ISA_USAGE = YES_ERROR;
				CLANG_WARN_DOCUMENTATION_COMMENTS = YES;
				CLANG_WARN_EMPTY_BODY = YES;
				CLANG_WARN_ENUM_CONVERSION = YES;
				CLANG_WARN_INFINITE_RECURSION = YES;
				CLANG_WARN_INT_CONVERSION = YES;
				CLANG_WARN_NON_LITERAL_NULL_CONVERSION = YES;
				CLANG_WARN_OBJC_IMPLICIT_RETAIN_SELF = YES;
				CLANG_WARN_OBJC_LITERAL_CONVERSION = YES;
				CLANG_WARN_OBJC_ROOT_CLASS = YES_ERROR;
				CLANG_WARN_QUOTED_INCLUDE_IN_FRAMEWORK_HEADER = YES;
				CLANG_WARN_RANGE_LOOP_ANALYSIS = YES;
				CLANG_WARN_STRICT_PROTOTYPES = YES;
				CLANG_WARN_SUSPICIOUS_MOVE = YES;
				CLANG_WARN_UNGUARDED_AVAILABILITY = YES_AGGRESSIVE;
				CLANG_WARN_UNREACHABLE_CODE = YES;
				CLANG_WARN__DUPLICATE_METHOD_MATCH = YES;
				COPY_PHASE_STRIP = NO;
				DEBUG_INFORMATION_FORMAT = dwarf;
				ENABLE_STRICT_OBJC_MSGSEND = YES;
				ENABLE_TESTABILITY = YES;
				GCC_C_LANGUAGE_STANDARD = gnu11;
				GCC_DYNAMIC_NO_PIC = NO;
				GCC_NO_COMMON_BLOCKS = YES;
				GCC_OPTIMIZATION_LEVEL = 0;
				GCC_PREPROCESSOR_DEFINITIONS = (
					"DEBUG=1",
					"$(inherited)",
				);
				GCC_WARN_64_TO_32_BIT_CONVERSION = YES;
				GCC_WARN_ABOUT_RETURN_TYPE = YES_ERROR;
				GCC_WARN_UNDECLARED_SELECTOR = YES;
				GCC_WARN_UNINITIALIZED_AUTOS = YES_AGGRESSIVE;
				GCC_WARN_UNUSED_FUNCTION = YES;
				GCC_WARN_UNUSED_VARIABLE = YES;
				IPHONEOS_DEPLOYMENT_TARGET = 16.4;
				MTL_ENABLE_DEBUG_INFO = INCLUDE_SOURCE;
				MTL_FAST_MATH = YES;
				ONLY_ACTIVE_ARCH = YES;
				SDKROOT = iphoneos;
				SWIFT_ACTIVE_COMPILATION_CONDITIONS = DEBUG;
				SWIFT_OPTIMIZATION_LEVEL = "-Onone";
			};
			name = Debug;
		};
		DE5112EC2A66719C00014723 /* Release */ = {
			isa = XCBuildConfiguration;
			buildSettings = {
				ALWAYS_SEARCH_USER_PATHS = NO;
				CLANG_ANALYZER_NONNULL = YES;
				CLANG_ANALYZER_NUMBER_OBJECT_CONVERSION = YES_AGGRESSIVE;
				CLANG_CXX_LANGUAGE_STANDARD = "gnu++20";
				CLANG_ENABLE_MODULES = YES;
				CLANG_ENABLE_OBJC_ARC = YES;
				CLANG_ENABLE_OBJC_WEAK = YES;
				CLANG_WARN_BLOCK_CAPTURE_AUTORELEASING = YES;
				CLANG_WARN_BOOL_CONVERSION = YES;
				CLANG_WARN_COMMA = YES;
				CLANG_WARN_CONSTANT_CONVERSION = YES;
				CLANG_WARN_DEPRECATED_OBJC_IMPLEMENTATIONS = YES;
				CLANG_WARN_DIRECT_OBJC_ISA_USAGE = YES_ERROR;
				CLANG_WARN_DOCUMENTATION_COMMENTS = YES;
				CLANG_WARN_EMPTY_BODY = YES;
				CLANG_WARN_ENUM_CONVERSION = YES;
				CLANG_WARN_INFINITE_RECURSION = YES;
				CLANG_WARN_INT_CONVERSION = YES;
				CLANG_WARN_NON_LITERAL_NULL_CONVERSION = YES;
				CLANG_WARN_OBJC_IMPLICIT_RETAIN_SELF = YES;
				CLANG_WARN_OBJC_LITERAL_CONVERSION = YES;
				CLANG_WARN_OBJC_ROOT_CLASS = YES_ERROR;
				CLANG_WARN_QUOTED_INCLUDE_IN_FRAMEWORK_HEADER = YES;
				CLANG_WARN_RANGE_LOOP_ANALYSIS = YES;
				CLANG_WARN_STRICT_PROTOTYPES = YES;
				CLANG_WARN_SUSPICIOUS_MOVE = YES;
				CLANG_WARN_UNGUARDED_AVAILABILITY = YES_AGGRESSIVE;
				CLANG_WARN_UNREACHABLE_CODE = YES;
				CLANG_WARN__DUPLICATE_METHOD_MATCH = YES;
				COPY_PHASE_STRIP = NO;
				DEBUG_INFORMATION_FORMAT = "dwarf-with-dsym";
				ENABLE_NS_ASSERTIONS = NO;
				ENABLE_STRICT_OBJC_MSGSEND = YES;
				GCC_C_LANGUAGE_STANDARD = gnu11;
				GCC_NO_COMMON_BLOCKS = YES;
				GCC_WARN_64_TO_32_BIT_CONVERSION = YES;
				GCC_WARN_ABOUT_RETURN_TYPE = YES_ERROR;
				GCC_WARN_UNDECLARED_SELECTOR = YES;
				GCC_WARN_UNINITIALIZED_AUTOS = YES_AGGRESSIVE;
				GCC_WARN_UNUSED_FUNCTION = YES;
				GCC_WARN_UNUSED_VARIABLE = YES;
				IPHONEOS_DEPLOYMENT_TARGET = 16.4;
				MTL_ENABLE_DEBUG_INFO = NO;
				MTL_FAST_MATH = YES;
				SDKROOT = iphoneos;
				SWIFT_COMPILATION_MODE = wholemodule;
				SWIFT_OPTIMIZATION_LEVEL = "-O";
				VALIDATE_PRODUCT = YES;
			};
			name = Release;
		};
		DE5112EE2A66719C00014723 /* Debug */ = {
			isa = XCBuildConfiguration;
			baseConfigurationReference = EE9A5C71240406B4B7A1A94F /* Pods-Chat_App.debug.xcconfig */;
			buildSettings = {
				ASSETCATALOG_COMPILER_APPICON_NAME = AppIcon;
				ASSETCATALOG_COMPILER_GLOBAL_ACCENT_COLOR_NAME = AccentColor;
				CODE_SIGN_STYLE = Automatic;
				CURRENT_PROJECT_VERSION = 1;
				GENERATE_INFOPLIST_FILE = YES;
				INFOPLIST_FILE = Chat_App/Info.plist;
				INFOPLIST_KEY_UIApplicationSupportsIndirectInputEvents = YES;
				INFOPLIST_KEY_UILaunchStoryboardName = LaunchScreen;
				INFOPLIST_KEY_UIMainStoryboardFile = Main;
				INFOPLIST_KEY_UISupportedInterfaceOrientations_iPad = "UIInterfaceOrientationPortrait UIInterfaceOrientationPortraitUpsideDown UIInterfaceOrientationLandscapeLeft UIInterfaceOrientationLandscapeRight";
				INFOPLIST_KEY_UISupportedInterfaceOrientations_iPhone = "UIInterfaceOrientationPortrait UIInterfaceOrientationLandscapeLeft UIInterfaceOrientationLandscapeRight";
				LD_RUNPATH_SEARCH_PATHS = (
					"$(inherited)",
					"@executable_path/Frameworks",
				);
				MARKETING_VERSION = 1.0;
				PRODUCT_BUNDLE_IDENTIFIER = "manthan.Chat-App";
				PRODUCT_NAME = "$(TARGET_NAME)";
				SWIFT_EMIT_LOC_STRINGS = YES;
				SWIFT_VERSION = 5.0;
				TARGETED_DEVICE_FAMILY = "1,2";
			};
			name = Debug;
		};
		DE5112EF2A66719C00014723 /* Release */ = {
			isa = XCBuildConfiguration;
			baseConfigurationReference = AE6F97CAC5D8643244056CE9 /* Pods-Chat_App.release.xcconfig */;
			buildSettings = {
				ASSETCATALOG_COMPILER_APPICON_NAME = AppIcon;
				ASSETCATALOG_COMPILER_GLOBAL_ACCENT_COLOR_NAME = AccentColor;
				CODE_SIGN_STYLE = Automatic;
				CURRENT_PROJECT_VERSION = 1;
				GENERATE_INFOPLIST_FILE = YES;
				INFOPLIST_FILE = Chat_App/Info.plist;
				INFOPLIST_KEY_UIApplicationSupportsIndirectInputEvents = YES;
				INFOPLIST_KEY_UILaunchStoryboardName = LaunchScreen;
				INFOPLIST_KEY_UIMainStoryboardFile = Main;
				INFOPLIST_KEY_UISupportedInterfaceOrientations_iPad = "UIInterfaceOrientationPortrait UIInterfaceOrientationPortraitUpsideDown UIInterfaceOrientationLandscapeLeft UIInterfaceOrientationLandscapeRight";
				INFOPLIST_KEY_UISupportedInterfaceOrientations_iPhone = "UIInterfaceOrientationPortrait UIInterfaceOrientationLandscapeLeft UIInterfaceOrientationLandscapeRight";
				LD_RUNPATH_SEARCH_PATHS = (
					"$(inherited)",
					"@executable_path/Frameworks",
				);
				MARKETING_VERSION = 1.0;
				PRODUCT_BUNDLE_IDENTIFIER = "manthan.Chat-App";
				PRODUCT_NAME = "$(TARGET_NAME)";
				SWIFT_EMIT_LOC_STRINGS = YES;
				SWIFT_VERSION = 5.0;
				TARGETED_DEVICE_FAMILY = "1,2";
			};
			name = Release;
		};
		DE5112F12A66719C00014723 /* Debug */ = {
			isa = XCBuildConfiguration;
			baseConfigurationReference = E5E2185E734D703265D0908B /* Pods-Chat_AppTests.debug.xcconfig */;
			buildSettings = {
				ALWAYS_EMBED_SWIFT_STANDARD_LIBRARIES = YES;
				BUNDLE_LOADER = "$(TEST_HOST)";
				CODE_SIGN_STYLE = Automatic;
				CURRENT_PROJECT_VERSION = 1;
				GENERATE_INFOPLIST_FILE = YES;
				IPHONEOS_DEPLOYMENT_TARGET = 16.4;
				MARKETING_VERSION = 1.0;
				PRODUCT_BUNDLE_IDENTIFIER = "manthan.Chat-AppTests";
				PRODUCT_NAME = "$(TARGET_NAME)";
				SWIFT_EMIT_LOC_STRINGS = NO;
				SWIFT_VERSION = 5.0;
				TARGETED_DEVICE_FAMILY = "1,2";
				TEST_HOST = "$(BUILT_PRODUCTS_DIR)/Chat_App.app/$(BUNDLE_EXECUTABLE_FOLDER_PATH)/Chat_App";
			};
			name = Debug;
		};
		DE5112F22A66719C00014723 /* Release */ = {
			isa = XCBuildConfiguration;
			baseConfigurationReference = E425BD41DD8F55D2D9538BD8 /* Pods-Chat_AppTests.release.xcconfig */;
			buildSettings = {
				ALWAYS_EMBED_SWIFT_STANDARD_LIBRARIES = YES;
				BUNDLE_LOADER = "$(TEST_HOST)";
				CODE_SIGN_STYLE = Automatic;
				CURRENT_PROJECT_VERSION = 1;
				GENERATE_INFOPLIST_FILE = YES;
				IPHONEOS_DEPLOYMENT_TARGET = 16.4;
				MARKETING_VERSION = 1.0;
				PRODUCT_BUNDLE_IDENTIFIER = "manthan.Chat-AppTests";
				PRODUCT_NAME = "$(TARGET_NAME)";
				SWIFT_EMIT_LOC_STRINGS = NO;
				SWIFT_VERSION = 5.0;
				TARGETED_DEVICE_FAMILY = "1,2";
				TEST_HOST = "$(BUILT_PRODUCTS_DIR)/Chat_App.app/$(BUNDLE_EXECUTABLE_FOLDER_PATH)/Chat_App";
			};
			name = Release;
		};
		DE5112F42A66719C00014723 /* Debug */ = {
			isa = XCBuildConfiguration;
			baseConfigurationReference = A36DB06D76FAFA4C85C79141 /* Pods-Chat_App-Chat_AppUITests.debug.xcconfig */;
			buildSettings = {
				ALWAYS_EMBED_SWIFT_STANDARD_LIBRARIES = YES;
				CODE_SIGN_STYLE = Automatic;
				CURRENT_PROJECT_VERSION = 1;
				GENERATE_INFOPLIST_FILE = YES;
				MARKETING_VERSION = 1.0;
				PRODUCT_BUNDLE_IDENTIFIER = "manthan.Chat-AppUITests";
				PRODUCT_NAME = "$(TARGET_NAME)";
				SWIFT_EMIT_LOC_STRINGS = NO;
				SWIFT_VERSION = 5.0;
				TARGETED_DEVICE_FAMILY = "1,2";
				TEST_TARGET_NAME = Chat_App;
			};
			name = Debug;
		};
		DE5112F52A66719C00014723 /* Release */ = {
			isa = XCBuildConfiguration;
			baseConfigurationReference = 7CA4701B54A4922A94F2C93F /* Pods-Chat_App-Chat_AppUITests.release.xcconfig */;
			buildSettings = {
				ALWAYS_EMBED_SWIFT_STANDARD_LIBRARIES = YES;
				CODE_SIGN_STYLE = Automatic;
				CURRENT_PROJECT_VERSION = 1;
				GENERATE_INFOPLIST_FILE = YES;
				MARKETING_VERSION = 1.0;
				PRODUCT_BUNDLE_IDENTIFIER = "manthan.Chat-AppUITests";
				PRODUCT_NAME = "$(TARGET_NAME)";
				SWIFT_EMIT_LOC_STRINGS = NO;
				SWIFT_VERSION = 5.0;
				TARGETED_DEVICE_FAMILY = "1,2";
				TEST_TARGET_NAME = Chat_App;
			};
			name = Release;
		};
/* End XCBuildConfiguration section */

/* Begin XCConfigurationList section */
		DE5112BB2A66719B00014723 /* Build configuration list for PBXProject "Chat_App" */ = {
			isa = XCConfigurationList;
			buildConfigurations = (
				DE5112EB2A66719C00014723 /* Debug */,
				DE5112EC2A66719C00014723 /* Release */,
			);
			defaultConfigurationIsVisible = 0;
			defaultConfigurationName = Release;
		};
		DE5112ED2A66719C00014723 /* Build configuration list for PBXNativeTarget "Chat_App" */ = {
			isa = XCConfigurationList;
			buildConfigurations = (
				DE5112EE2A66719C00014723 /* Debug */,
				DE5112EF2A66719C00014723 /* Release */,
			);
			defaultConfigurationIsVisible = 0;
			defaultConfigurationName = Release;
		};
		DE5112F02A66719C00014723 /* Build configuration list for PBXNativeTarget "Chat_AppTests" */ = {
			isa = XCConfigurationList;
			buildConfigurations = (
				DE5112F12A66719C00014723 /* Debug */,
				DE5112F22A66719C00014723 /* Release */,
			);
			defaultConfigurationIsVisible = 0;
			defaultConfigurationName = Release;
		};
		DE5112F32A66719C00014723 /* Build configuration list for PBXNativeTarget "Chat_AppUITests" */ = {
			isa = XCConfigurationList;
			buildConfigurations = (
				DE5112F42A66719C00014723 /* Debug */,
				DE5112F52A66719C00014723 /* Release */,
			);
			defaultConfigurationIsVisible = 0;
			defaultConfigurationName = Release;
		};
/* End XCConfigurationList section */

/* Begin XCRemoteSwiftPackageReference section */
		DE088D6D2A6A4A42004B839C /* XCRemoteSwiftPackageReference "DPOTPView" */ = {
			isa = XCRemoteSwiftPackageReference;
			repositoryURL = "https://github.com/Datt1994/DPOTPView.git";
			requirement = {
				kind = upToNextMajorVersion;
				minimumVersion = 1.0.0;
			};
		};
		DE1A51752A7B9A7200FFF0C5 /* XCRemoteSwiftPackageReference "SDWebImage" */ = {
			isa = XCRemoteSwiftPackageReference;
			repositoryURL = "https://github.com/SDWebImage/SDWebImage.git";
			requirement = {
				kind = upToNextMajorVersion;
				minimumVersion = 5.0.0;
			};
		};
/* End XCRemoteSwiftPackageReference section */

/* Begin XCSwiftPackageProductDependency section */
		DE088D6E2A6A4A42004B839C /* DPOTPView */ = {
			isa = XCSwiftPackageProductDependency;
			package = DE088D6D2A6A4A42004B839C /* XCRemoteSwiftPackageReference "DPOTPView" */;
			productName = DPOTPView;
		};
		DE1A51762A7B9A7200FFF0C5 /* SDWebImage */ = {
			isa = XCSwiftPackageProductDependency;
			package = DE1A51752A7B9A7200FFF0C5 /* XCRemoteSwiftPackageReference "SDWebImage" */;
			productName = SDWebImage;
		};
/* End XCSwiftPackageProductDependency section */

/* Begin XCVersionGroup section */
		DE5112CC2A66719B00014723 /* Chat_App.xcdatamodeld */ = {
			isa = XCVersionGroup;
			children = (
				DE5112CD2A66719B00014723 /* Chat_App.xcdatamodel */,
			);
			currentVersion = DE5112CD2A66719B00014723 /* Chat_App.xcdatamodel */;
			path = Chat_App.xcdatamodeld;
			sourceTree = "<group>";
			versionGroupType = wrapper.xcdatamodel;
		};
/* End XCVersionGroup section */
	};
	rootObject = DE5112B82A66719B00014723 /* Project object */;
}
